
Microsoft Visual Studio Solution File, Format Version 12.00
# Visual Studio Version 17
VisualStudioVersion = 17.10.35004.147
MinimumVisualStudioVersion = 10.0.40219.1
Project("{9A19103F-16F7-4668-BE54-9A1E7A4F7556}") = "ToDoListWebApp", "ToDoListWebApp.csproj", "{ABCE4B46-7D24-4BF7-82E6-5B38021CB163}"
EndProject
Project("{FAE04EC0-301F-11D3-BF4B-00C04F79EFBC}") = "ToDoListWebApp.Tests", "..\ToDoListWebApp.Tests\ToDoListWebApp.Tests.csproj", "{636E92E4-F08E-4E07-AB6B-90B21582EFC1}"
EndProject
Global
	GlobalSection(SolutionConfigurationPlatforms) = preSolution
		Debug|Any CPU = Debug|Any CPU
		Release|Any CPU = Release|Any CPU
	EndGlobalSection
	GlobalSection(ProjectConfigurationPlatforms) = postSolution
		{ABCE4B46-7D24-4BF7-82E6-5B38021CB163}.Debug|Any CPU.ActiveCfg = Debug|Any CPU
		{ABCE4B46-7D24-4BF7-82E6-5B38021CB163}.Debug|Any CPU.Build.0 = Debug|Any CPU
		{ABCE4B46-7D24-4BF7-82E6-5B38021CB163}.Release|Any CPU.ActiveCfg = Release|Any CPU
		{ABCE4B46-7D24-4BF7-82E6-5B38021CB163}.Release|Any CPU.Build.0 = Release|Any CPU
		{636E92E4-F08E-4E07-AB6B-90B21582EFC1}.Debug|Any CPU.ActiveCfg = Debug|Any CPU
		{636E92E4-F08E-4E07-AB6B-90B21582EFC1}.Debug|Any CPU.Build.0 = Debug|Any CPU
		{636E92E4-F08E-4E07-AB6B-90B21582EFC1}.Release|Any CPU.ActiveCfg = Release|Any CPU
		{636E92E4-F08E-4E07-AB6B-90B21582EFC1}.Release|Any CPU.Build.0 = Release|Any CPU
	EndGlobalSection
	GlobalSection(SolutionProperties) = preSolution
		HideSolutionNode = FALSE
	EndGlobalSection
	GlobalSection(ExtensibilityGlobals) = postSolution
		SolutionGuid = {15E80BC2-44CE-416C-8220-B25C41862B17}
	EndGlobalSection
EndGlobal
